Microsoft Visual Studio Solution File, Format Version 12.00
# Visual Studio Version 16
VisualStudioVersion = 16.0.29102.190
MinimumVisualStudioVersion = 10.0.40219.1
Project("{FAE04EC0-301F-11D3-BF4B-00C04F79EFBC}") = "onitamaBot", "onitamaBot\onitamaBot.csproj", "{CE2490A3-9B85-459F-B15C-52196E093E73}"
EndProject
Project("{FAE04EC0-301F-11D3-BF4B-00C04F79EFBC}") = "onitamaSolver", "onitamaSolver\onitamaSolver.csproj", "{D2CBD4C5-CC88-42E9-82EB-3C5132C5F1D9}"
EndProject
Project("{FAE04EC0-301F-11D3-BF4B-00C04F79EFBC}") = "onitamaTester", "onitamaTester\onitamaTester.csproj", "{D3F85B32-90DE-4D2A-BE1C-65A61CB0A016}"
EndProject
Global
	GlobalSection(SolutionConfigurationPlatforms) = preSolution
		Debug|Any CPU = Debug|Any CPU
		Debug|x86 = Debug|x86
		Release|Any CPU = Release|Any CPU
		Release|x86 = Release|x86
	EndGlobalSection
	GlobalSection(ProjectConfigurationPlatforms) = postSolution
		{CE2490A3-9B85-459F-B15C-52196E093E73}.Debug|Any CPU.ActiveCfg = Debug|Any CPU
		{CE2490A3-9B85-459F-B15C-52196E093E73}.Debug|Any CPU.Build.0 = Debug|Any CPU
		{CE2490A3-9B85-459F-B15C-52196E093E73}.Debug|x86.ActiveCfg = Debug|Any CPU
		{CE2490A3-9B85-459F-B15C-52196E093E73}.Debug|x86.Build.0 = Debug|Any CPU
		{CE2490A3-9B85-459F-B15C-52196E093E73}.Release|Any CPU.ActiveCfg = Release|Any CPU
		{CE2490A3-9B85-459F-B15C-52196E093E73}.Release|Any CPU.Build.0 = Release|Any CPU
		{CE2490A3-9B85-459F-B15C-52196E093E73}.Release|x86.ActiveCfg = Release|Any CPU
		{CE2490A3-9B85-459F-B15C-52196E093E73}.Release|x86.Build.0 = Release|Any CPU
		{D2CBD4C5-CC88-42E9-82EB-3C5132C5F1D9}.Debug|Any CPU.ActiveCfg = Debug|Any CPU
		{D2CBD4C5-CC88-42E9-82EB-3C5132C5F1D9}.Debug|Any CPU.Build.0 = Debug|Any CPU
		{D2CBD4C5-CC88-42E9-82EB-3C5132C5F1D9}.Debug|x86.ActiveCfg = Debug|Any CPU
		{D2CBD4C5-CC88-42E9-82EB-3C5132C5F1D9}.Debug|x86.Build.0 = Debug|Any CPU
		{D2CBD4C5-CC88-42E9-82EB-3C5132C5F1D9}.Release|Any CPU.ActiveCfg = Release|Any CPU
		{D2CBD4C5-CC88-42E9-82EB-3C5132C5F1D9}.Release|Any CPU.Build.0 = Release|Any CPU
		{D2CBD4C5-CC88-42E9-82EB-3C5132C5F1D9}.Release|x86.ActiveCfg = Release|Any CPU
		{D2CBD4C5-CC88-42E9-82EB-3C5132C5F1D9}.Release|x86.Build.0 = Release|Any CPU
		{D3F85B32-90DE-4D2A-BE1C-65A61CB0A016}.Debug|Any CPU.ActiveCfg = Debug|Any CPU
		{D3F85B32-90DE-4D2A-BE1C-65A61CB0A016}.Debug|Any CPU.Build.0 = Debug|Any CPU
		{D3F85B32-90DE-4D2A-BE1C-65A61CB0A016}.Debug|x86.ActiveCfg = Debug|Any CPU
		{D3F85B32-90DE-4D2A-BE1C-65A61CB0A016}.Debug|x86.Build.0 = Debug|Any CPU
		{D3F85B32-90DE-4D2A-BE1C-65A61CB0A016}.Release|Any CPU.ActiveCfg = Release|Any CPU
		{D3F85B32-90DE-4D2A-BE1C-65A61CB0A016}.Release|Any CPU.Build.0 = Release|Any CPU
		{D3F85B32-90DE-4D2A-BE1C-65A61CB0A016}.Release|x86.ActiveCfg = Release|Any CPU
		{D3F85B32-90DE-4D2A-BE1C-65A61CB0A016}.Release|x86.Build.0 = Release|Any CPU
	EndGlobalSection
	GlobalSection(SolutionProperties) = preSolution
		HideSolutionNode = FALSE
	EndGlobalSection
	GlobalSection(ExtensibilityGlobals) = postSolution
		SolutionGuid = {8B331CD2-B532-49B3-97EA-1C04ECDF2EAC}
	EndGlobalSection
	GlobalSection(MonoDevelopProperties) = preSolution
		Policies = $0
		$0.TextStylePolicy = $1
		$1.FileWidth = 80
		$1.scope = text/x-csharp
		$0.CSharpFormattingPolicy = $2
		$2.scope = text/x-csharp
		$0.StandardHeader = $3
		$0.DotNetNamingPolicy = $4
		$4.DirectoryNamespaceAssociation = PrefixedHierarchical
	EndGlobalSection
EndGlobal
